
Microsoft Visual Studio Solution File, Format Version 12.00
# Visual Studio Version 17
VisualStudioVersion = 17.4.33213.308
MinimumVisualStudioVersion = 10.0.40219.1
Project("{2150E333-8FDC-42A3-9474-1A3956D46DE8}") = "src", "src", "{05B4DA3E-CBA3-4453-9889-E778106A73EE}"
EndProject
Project("{FAE04EC0-301F-11D3-BF4B-00C04F79EFBC}") = "SM.WebUI", "src\SM.WebUI\SM.WebUI.csproj", "{4F9CBF12-A17F-4ADB-9C54-6B89EF4DC0BD}"
EndProject
Project("{FAE04EC0-301F-11D3-BF4B-00C04F79EFBC}") = "SM.Domain", "src\SM.Domain\SM.Domain.csproj", "{57096EB2-81B7-4B16-9852-F8877BAE60F5}"
EndProject
Project("{FAE04EC0-301F-11D3-BF4B-00C04F79EFBC}") = "SM.Application", "src\SM.Application\SM.Application.csproj", "{DD6D5B48-F5E2-4397-B0E5-BA5444C4A73C}"
EndProject
Project("{FAE04EC0-301F-11D3-BF4B-00C04F79EFBC}") = "SM.Infrastructure", "src\SM.Infrastructure\SM.Infrastructure.csproj", "{E3B21030-B70A-4A56-9C54-6BB36EA6B4CA}"
EndProject
Global
	GlobalSection(SolutionConfigurationPlatforms) = preSolution
		Debug|Any CPU = Debug|Any CPU
		Release|Any CPU = Release|Any CPU
	EndGlobalSection
	GlobalSection(ProjectConfigurationPlatforms) = postSolution
		{4F9CBF12-A17F-4ADB-9C54-6B89EF4DC0BD}.Debug|Any CPU.ActiveCfg = Debug|Any CPU
		{4F9CBF12-A17F-4ADB-9C54-6B89EF4DC0BD}.Debug|Any CPU.Build.0 = Debug|Any CPU
		{4F9CBF12-A17F-4ADB-9C54-6B89EF4DC0BD}.Release|Any CPU.ActiveCfg = Release|Any CPU
		{4F9CBF12-A17F-4ADB-9C54-6B89EF4DC0BD}.Release|Any CPU.Build.0 = Release|Any CPU
		{57096EB2-81B7-4B16-9852-F8877BAE60F5}.Debug|Any CPU.ActiveCfg = Debug|Any CPU
		{57096EB2-81B7-4B16-9852-F8877BAE60F5}.Debug|Any CPU.Build.0 = Debug|Any CPU
		{57096EB2-81B7-4B16-9852-F8877BAE60F5}.Release|Any CPU.ActiveCfg = Release|Any CPU
		{57096EB2-81B7-4B16-9852-F8877BAE60F5}.Release|Any CPU.Build.0 = Release|Any CPU
		{DD6D5B48-F5E2-4397-B0E5-BA5444C4A73C}.Debug|Any CPU.ActiveCfg = Debug|Any CPU
		{DD6D5B48-F5E2-4397-B0E5-BA5444C4A73C}.Debug|Any CPU.Build.0 = Debug|Any CPU
		{DD6D5B48-F5E2-4397-B0E5-BA5444C4A73C}.Release|Any CPU.ActiveCfg = Release|Any CPU
		{DD6D5B48-F5E2-4397-B0E5-BA5444C4A73C}.Release|Any CPU.Build.0 = Release|Any CPU
		{E3B21030-B70A-4A56-9C54-6BB36EA6B4CA}.Debug|Any CPU.ActiveCfg = Debug|Any CPU
		{E3B21030-B70A-4A56-9C54-6BB36EA6B4CA}.Debug|Any CPU.Build.0 = Debug|Any CPU
		{E3B21030-B70A-4A56-9C54-6BB36EA6B4CA}.Release|Any CPU.ActiveCfg = Release|Any CPU
		{E3B21030-B70A-4A56-9C54-6BB36EA6B4CA}.Release|Any CPU.Build.0 = Release|Any CPU
	EndGlobalSection
	GlobalSection(SolutionProperties) = preSolution
		HideSolutionNode = FALSE
	EndGlobalSection
	GlobalSection(NestedProjects) = preSolution
		{4F9CBF12-A17F-4ADB-9C54-6B89EF4DC0BD} = {05B4DA3E-CBA3-4453-9889-E778106A73EE}
		{57096EB2-81B7-4B16-9852-F8877BAE60F5} = {05B4DA3E-CBA3-4453-9889-E778106A73EE}
		{DD6D5B48-F5E2-4397-B0E5-BA5444C4A73C} = {05B4DA3E-CBA3-4453-9889-E778106A73EE}
		{E3B21030-B70A-4A56-9C54-6BB36EA6B4CA} = {05B4DA3E-CBA3-4453-9889-E778106A73EE}
	EndGlobalSection
	GlobalSection(ExtensibilityGlobals) = postSolution
		SolutionGuid = {AB636359-2E71-488A-834D-B6503728AB5D}
	EndGlobalSection
EndGlobal
